
Microsoft Visual Studio Solution File, Format Version 12.00
# Visual Studio Version 17
VisualStudioVersion = 17.12.35707.178 d17.12
MinimumVisualStudioVersion = 10.0.40219.1
Project("{FAE04EC0-301F-11D3-BF4B-00C04F79EFBC}") = "Academico", "Academico\Academico.csproj", "{552B479C-D78A-461D-8AB0-7C9FC50C2893}"
EndProject
Global
	GlobalSection(SolutionConfigurationPlatforms) = preSolution
		Debug|Any CPU = Debug|Any CPU
		Release|Any CPU = Release|Any CPU
	EndGlobalSection
	GlobalSection(ProjectConfigurationPlatforms) = postSolution
		{552B479C-D78A-461D-8AB0-7C9FC50C2893}.Debug|Any CPU.ActiveCfg = Debug|Any CPU
		{552B479C-D78A-461D-8AB0-7C9FC50C2893}.Debug|Any CPU.Build.0 = Debug|Any CPU
		{552B479C-D78A-461D-8AB0-7C9FC50C2893}.Release|Any CPU.ActiveCfg = Release|Any CPU
		{552B479C-D78A-461D-8AB0-7C9FC50C2893}.Release|Any CPU.Build.0 = Release|Any CPU
	EndGlobalSection
	GlobalSection(SolutionProperties) = preSolution
		HideSolutionNode = FALSE
	EndGlobalSection
EndGlobal
