
Microsoft Visual Studio Solution File, Format Version 12.00
# Visual Studio Version 17
VisualStudioVersion = 17.12.35527.113 d17.12
MinimumVisualStudioVersion = 10.0.40219.1
Project("{FAE04EC0-301F-11D3-BF4B-00C04F79EFBC}") = "SistemaAcademico", "SistemaAcademico.csproj", "{B12EC179-24B2-4D15-BFCD-3A497030FBCC}"
EndProject
Global
	GlobalSection(SolutionConfigurationPlatforms) = preSolution
		Debug|Any CPU = Debug|Any CPU
		Release|Any CPU = Release|Any CPU
	EndGlobalSection
	GlobalSection(ProjectConfigurationPlatforms) = postSolution
		{B12EC179-24B2-4D15-BFCD-3A497030FBCC}.Debug|Any CPU.ActiveCfg = Debug|Any CPU
		{B12EC179-24B2-4D15-BFCD-3A497030FBCC}.Debug|Any CPU.Build.0 = Debug|Any CPU
		{B12EC179-24B2-4D15-BFCD-3A497030FBCC}.Release|Any CPU.ActiveCfg = Release|Any CPU
		{B12EC179-24B2-4D15-BFCD-3A497030FBCC}.Release|Any CPU.Build.0 = Release|Any CPU
	EndGlobalSection
	GlobalSection(SolutionProperties) = preSolution
		HideSolutionNode = FALSE
	EndGlobalSection
EndGlobal
